// !$*UTF8*$!
{
	archiveVersion = 1;
	classes = {
	};
	objectVersion = 50;
	objects = {

/* Begin PBXBuildFile section */
		1500363B2850D40D00ACCA1A /* SoundPlayer.swift in Sources */ = {isa = PBXBuildFile; fileRef = 1500363A2850D40D00ACCA1A /* SoundPlayer.swift */; };
		1500363D2850D63200ACCA1A /* ResultViewModel.swift.swift in Sources */ = {isa = PBXBuildFile; fileRef = 1500363C2850D63200ACCA1A /* ResultViewModel.swift.swift */; };
		1500363F2850E1D600ACCA1A /* QuizViewModel.swift in Sources */ = {isa = PBXBuildFile; fileRef = 1500363E2850E1D600ACCA1A /* QuizViewModel.swift */; };
		95216EC125635AE100990CD1 /* QuizBrain.swift in Sources */ = {isa = PBXBuildFile; fileRef = 95216EC025635AE100990CD1 /* QuizBrain.swift */; };
		95216EC425637D3300990CD1 /* README.md in Resources */ = {isa = PBXBuildFile; fileRef = 95216EC325637D3300990CD1 /* README.md */; };
		95294B31255D59C90007F007 /* AppDelegate.swift in Sources */ = {isa = PBXBuildFile; fileRef = 95294B30255D59C90007F007 /* AppDelegate.swift */; };
		95294B33255D59C90007F007 /* SceneDelegate.swift in Sources */ = {isa = PBXBuildFile; fileRef = 95294B32255D59C90007F007 /* SceneDelegate.swift */; };
		95294B35255D59C90007F007 /* StartViewController.swift in Sources */ = {isa = PBXBuildFile; fileRef = 95294B34255D59C90007F007 /* StartViewController.swift */; };
		95294B38255D59C90007F007 /* Main.storyboard in Resources */ = {isa = PBXBuildFile; fileRef = 95294B36255D59C90007F007 /* Main.storyboard */; };
		95294B3A255D59C90007F007 /* Assets.xcassets in Resources */ = {isa = PBXBuildFile; fileRef = 95294B39255D59C90007F007 /* Assets.xcassets */; };
		95294B3D255D59C90007F007 /* LaunchScreen.storyboard in Resources */ = {isa = PBXBuildFile; fileRef = 95294B3B255D59C90007F007 /* LaunchScreen.storyboard */; };
		952A0D71255E896400AE432A /* ViewExtensions.swift in Sources */ = {isa = PBXBuildFile; fileRef = 952A0D70255E896400AE432A /* ViewExtensions.swift */; };
		95676810256756A60048B15D /* AVFoundation.framework in Frameworks */ = {isa = PBXBuildFile; fileRef = 9567680F256756A60048B15D /* AVFoundation.framework */; };
		95676819256767630048B15D /* correct.wav in Resources */ = {isa = PBXBuildFile; fileRef = 95676817256767630048B15D /* correct.wav */; };
		95819A4125676BE500FC32A7 /* wrong.wav in Resources */ = {isa = PBXBuildFile; fileRef = 95819A4025676BE500FC32A7 /* wrong.wav */; };
		95B0493A256F6613003DFED7 /* start.wav in Resources */ = {isa = PBXBuildFile; fileRef = 95B04939256F6613003DFED7 /* start.wav */; };
		95B783A625679F5600B8EE2B /* ResultViewController.swift in Sources */ = {isa = PBXBuildFile; fileRef = 95B783A525679F5600B8EE2B /* ResultViewController.swift */; };
		95B783AB2567B31E00B8EE2B /* ResultType.swift in Sources */ = {isa = PBXBuildFile; fileRef = 95B783AA2567B31E00B8EE2B /* ResultType.swift */; };
		95B783B22567C1CB00B8EE2B /* ohMyGosh.wav in Resources */ = {isa = PBXBuildFile; fileRef = 95B783B12567C1CB00B8EE2B /* ohMyGosh.wav */; };
		95B783B52567C58300B8EE2B /* really.wav in Resources */ = {isa = PBXBuildFile; fileRef = 95B783B42567C58300B8EE2B /* really.wav */; };
		95B783BC2567C84200B8EE2B /* wow.wav in Resources */ = {isa = PBXBuildFile; fileRef = 95B783BB2567C84200B8EE2B /* wow.wav */; };
		95CB55392564966800A2664B /* Enums.swift in Sources */ = {isa = PBXBuildFile; fileRef = 95CB55382564966800A2664B /* Enums.swift */; };
		95CB553C25649A0A00A2664B /* Quote.swift in Sources */ = {isa = PBXBuildFile; fileRef = 95CB553B25649A0A00A2664B /* Quote.swift */; };
		95E7524C255E50C10081C23C /* QuizViewController.swift in Sources */ = {isa = PBXBuildFile; fileRef = 95E7524B255E50C10081C23C /* QuizViewController.swift */; };
/* End PBXBuildFile section */

/* Begin PBXFileReference section */
		1500363A2850D40D00ACCA1A /* SoundPlayer.swift */ = {isa = PBXFileReference; lastKnownFileType = sourcecode.swift; path = SoundPlayer.swift; sourceTree = "<group>"; };
		1500363C2850D63200ACCA1A /* ResultViewModel.swift.swift */ = {isa = PBXFileReference; lastKnownFileType = sourcecode.swift; path = ResultViewModel.swift.swift; sourceTree = "<group>"; };
		1500363E2850E1D600ACCA1A /* QuizViewModel.swift */ = {isa = PBXFileReference; lastKnownFileType = sourcecode.swift; path = QuizViewModel.swift; sourceTree = "<group>"; };
		95216EC025635AE100990CD1 /* QuizBrain.swift */ = {isa = PBXFileReference; lastKnownFileType = sourcecode.swift; path = QuizBrain.swift; sourceTree = "<group>"; };
		95216EC325637D3300990CD1 /* README.md */ = {isa = PBXFileReference; lastKnownFileType = net.daringfireball.markdown; path = README.md; sourceTree = "<group>"; };
		95294B2D255D59C90007F007 /* GuessThePhilosopher.app */ = {isa = PBXFileReference; explicitFileType = wrapper.application; includeInIndex = 0; path = GuessThePhilosopher.app; sourceTree = BUILT_PRODUCTS_DIR; };
		95294B30255D59C90007F007 /* AppDelegate.swift */ = {isa = PBXFileReference; lastKnownFileType = sourcecode.swift; path = AppDelegate.swift; sourceTree = "<group>"; };
		95294B32255D59C90007F007 /* SceneDelegate.swift */ = {isa = PBXFileReference; lastKnownFileType = sourcecode.swift; path = SceneDelegate.swift; sourceTree = "<group>"; };
		95294B34255D59C90007F007 /* StartViewController.swift */ = {isa = PBXFileReference; lastKnownFileType = sourcecode.swift; path = StartViewController.swift; sourceTree = "<group>"; };
		95294B37255D59C90007F007 /* Base */ = {isa = PBXFileReference; lastKnownFileType = file.storyboard; name = Base; path = Base.lproj/Main.storyboard; sourceTree = "<group>"; };
		95294B39255D59C90007F007 /* Assets.xcassets */ = {isa = PBXFileReference; lastKnownFileType = folder.assetcatalog; path = Assets.xcassets; sourceTree = "<group>"; };
		95294B3C255D59C90007F007 /* Base */ = {isa = PBXFileReference; lastKnownFileType = file.storyboard; name = Base; path = Base.lproj/LaunchScreen.storyboard; sourceTree = "<group>"; };
		95294B3E255D59C90007F007 /* Info.plist */ = {isa = PBXFileReference; lastKnownFileType = text.plist.xml; path = Info.plist; sourceTree = "<group>"; };
		952A0D70255E896400AE432A /* ViewExtensions.swift */ = {isa = PBXFileReference; lastKnownFileType = sourcecode.swift; path = ViewExtensions.swift; sourceTree = "<group>"; };
		9567680F256756A60048B15D /* AVFoundation.framework */ = {isa = PBXFileReference; lastKnownFileType = wrapper.framework; name = AVFoundation.framework; path = System/Library/Frameworks/AVFoundation.framework; sourceTree = SDKROOT; };
		95676817256767630048B15D /* correct.wav */ = {isa = PBXFileReference; lastKnownFileType = audio.wav; path = correct.wav; sourceTree = "<group>"; };
		95819A4025676BE500FC32A7 /* wrong.wav */ = {isa = PBXFileReference; lastKnownFileType = audio.wav; path = wrong.wav; sourceTree = "<group>"; };
		95B04939256F6613003DFED7 /* start.wav */ = {isa = PBXFileReference; lastKnownFileType = audio.wav; path = start.wav; sourceTree = "<group>"; };
		95B783A525679F5600B8EE2B /* ResultViewController.swift */ = {isa = PBXFileReference; lastKnownFileType = sourcecode.swift; path = ResultViewController.swift; sourceTree = "<group>"; };
		95B783AA2567B31E00B8EE2B /* ResultType.swift */ = {isa = PBXFileReference; lastKnownFileType = sourcecode.swift; path = ResultType.swift; sourceTree = "<group>"; };
		95B783B12567C1CB00B8EE2B /* ohMyGosh.wav */ = {isa = PBXFileReference; lastKnownFileType = audio.wav; path = ohMyGosh.wav; sourceTree = "<group>"; };
		95B783B42567C58300B8EE2B /* really.wav */ = {isa = PBXFileReference; lastKnownFileType = audio.wav; path = really.wav; sourceTree = "<group>"; };
		95B783BB2567C84200B8EE2B /* wow.wav */ = {isa = PBXFileReference; lastKnownFileType = audio.wav; path = wow.wav; sourceTree = "<group>"; };
		95CB55382564966800A2664B /* Enums.swift */ = {isa = PBXFileReference; lastKnownFileType = sourcecode.swift; path = Enums.swift; sourceTree = "<group>"; };
		95CB553B25649A0A00A2664B /* Quote.swift */ = {isa = PBXFileReference; lastKnownFileType = sourcecode.swift; path = Quote.swift; sourceTree = "<group>"; };
		95E7524B255E50C10081C23C /* QuizViewController.swift */ = {isa = PBXFileReference; lastKnownFileType = sourcecode.swift; path = QuizViewController.swift; sourceTree = "<group>"; };
/* End PBXFileReference section */

/* Begin PBXFrameworksBuildPhase section */
		95294B2A255D59C90007F007 /* Frameworks */ = {
			isa = PBXFrameworksBuildPhase;
			buildActionMask = 2147483647;
			files = (
				95676810256756A60048B15D /* AVFoundation.framework in Frameworks */,
			);
			runOnlyForDeploymentPostprocessing = 0;
		};
/* End PBXFrameworksBuildPhase section */

/* Begin PBXGroup section */
		951F9734255E4A58005B6C62 /* View */ = {
			isa = PBXGroup;
			children = (
				95294B36255D59C90007F007 /* Main.storyboard */,
				95294B3B255D59C90007F007 /* LaunchScreen.storyboard */,
				952A0D70255E896400AE432A /* ViewExtensions.swift */,
			);
			path = View;
			sourceTree = "<group>";
		};
		951F9736255E4A66005B6C62 /* ViewController */ = {
			isa = PBXGroup;
			children = (
				95294B34255D59C90007F007 /* StartViewController.swift */,
				95E7524B255E50C10081C23C /* QuizViewController.swift */,
				1500363E2850E1D600ACCA1A /* QuizViewModel.swift */,
				95B783A525679F5600B8EE2B /* ResultViewController.swift */,
				1500363C2850D63200ACCA1A /* ResultViewModel.swift.swift */,
			);
			path = ViewController;
			sourceTree = "<group>";
		};
		951F9737255E4A6D005B6C62 /* Model */ = {
			isa = PBXGroup;
			children = (
				95216EC025635AE100990CD1 /* QuizBrain.swift */,
				95CB553B25649A0A00A2664B /* Quote.swift */,
				95CB55382564966800A2664B /* Enums.swift */,
				95B783AA2567B31E00B8EE2B /* ResultType.swift */,
				1500363A2850D40D00ACCA1A /* SoundPlayer.swift */,
			);
			path = Model;
			sourceTree = "<group>";
		};
		95294B24255D59C90007F007 = {
			isa = PBXGroup;
			children = (
				95216EC325637D3300990CD1 /* README.md */,
				95294B2F255D59C90007F007 /* GuessThePhilosopher */,
				95294B2E255D59C90007F007 /* Products */,
				9567680E256756A60048B15D /* Frameworks */,
			);
			sourceTree = "<group>";
		};
		95294B2E255D59C90007F007 /* Products */ = {
			isa = PBXGroup;
			children = (
				95294B2D255D59C90007F007 /* GuessThePhilosopher.app */,
			);
			name = Products;
			sourceTree = "<group>";
		};
		95294B2F255D59C90007F007 /* GuessThePhilosopher */ = {
			isa = PBXGroup;
			children = (
				95294B30255D59C90007F007 /* AppDelegate.swift */,
				95294B32255D59C90007F007 /* SceneDelegate.swift */,
				951F9737255E4A6D005B6C62 /* Model */,
				951F9736255E4A66005B6C62 /* ViewController */,
				951F9734255E4A58005B6C62 /* View */,
				95294B39255D59C90007F007 /* Assets.xcassets */,
				956768122567609E0048B15D /* Sounds */,
				95294B3E255D59C90007F007 /* Info.plist */,
			);
			path = GuessThePhilosopher;
			sourceTree = "<group>";
		};
		9567680E256756A60048B15D /* Frameworks */ = {
			isa = PBXGroup;
			children = (
				9567680F256756A60048B15D /* AVFoundation.framework */,
			);
			name = Frameworks;
			sourceTree = "<group>";
		};
		956768122567609E0048B15D /* Sounds */ = {
			isa = PBXGroup;
			children = (
				95B04939256F6613003DFED7 /* start.wav */,
				95676817256767630048B15D /* correct.wav */,
				95819A4025676BE500FC32A7 /* wrong.wav */,
				95B783B12567C1CB00B8EE2B /* ohMyGosh.wav */,
				95B783B42567C58300B8EE2B /* really.wav */,
				95B783BB2567C84200B8EE2B /* wow.wav */,
			);
			path = Sounds;
			sourceTree = "<group>";
		};
/* End PBXGroup section */

/* Begin PBXNativeTarget section */
		95294B2C255D59C90007F007 /* GuessThePhilosopher */ = {
			isa = PBXNativeTarget;
			buildConfigurationList = 95294B41255D59C90007F007 /* Build configuration list for PBXNativeTarget "GuessThePhilosopher" */;
			buildPhases = (
				95294B29255D59C90007F007 /* Sources */,
				95294B2A255D59C90007F007 /* Frameworks */,
				95294B2B255D59C90007F007 /* Resources */,
			);
			buildRules = (
			);
			dependencies = (
			);
			name = GuessThePhilosopher;
			productName = GuessThePhilosopher;
			productReference = 95294B2D255D59C90007F007 /* GuessThePhilosopher.app */;
			productType = "com.apple.product-type.application";
		};
/* End PBXNativeTarget section */

/* Begin PBXProject section */
		95294B25255D59C90007F007 /* Project object */ = {
			isa = PBXProject;
			attributes = {
				LastSwiftUpdateCheck = 1210;
				LastUpgradeCheck = 1210;
				TargetAttributes = {
					95294B2C255D59C90007F007 = {
						CreatedOnToolsVersion = 12.1;
					};
				};
			};
			buildConfigurationList = 95294B28255D59C90007F007 /* Build configuration list for PBXProject "GuessThePhilosopher" */;
			compatibilityVersion = "Xcode 9.3";
			developmentRegion = en;
			hasScannedForEncodings = 0;
			knownRegions = (
				en,
				Base,
			);
			mainGroup = 95294B24255D59C90007F007;
			productRefGroup = 95294B2E255D59C90007F007 /* Products */;
			projectDirPath = "";
			projectRoot = "";
			targets = (
				95294B2C255D59C90007F007 /* GuessThePhilosopher */,
			);
		};
/* End PBXProject section */

/* Begin PBXResourcesBuildPhase section */
		95294B2B255D59C90007F007 /* Resources */ = {
			isa = PBXResourcesBuildPhase;
			buildActionMask = 2147483647;
			files = (
				95294B3D255D59C90007F007 /* LaunchScreen.storyboard in Resources */,
				95294B3A255D59C90007F007 /* Assets.xcassets in Resources */,
				95216EC425637D3300990CD1 /* README.md in Resources */,
				95B0493A256F6613003DFED7 /* start.wav in Resources */,
				95676819256767630048B15D /* correct.wav in Resources */,
				95819A4125676BE500FC32A7 /* wrong.wav in Resources */,
				95B783B22567C1CB00B8EE2B /* ohMyGosh.wav in Resources */,
				95B783BC2567C84200B8EE2B /* wow.wav in Resources */,
				95294B38255D59C90007F007 /* Main.storyboard in Resources */,
				95B783B52567C58300B8EE2B /* really.wav in Resources */,
			);
			runOnlyForDeploymentPostprocessing = 0;
		};
/* End PBXResourcesBuildPhase section */

/* Begin PBXSourcesBuildPhase section */
		95294B29255D59C90007F007 /* Sources */ = {
			isa = PBXSourcesBuildPhase;
			buildActionMask = 2147483647;
			files = (
				95294B35255D59C90007F007 /* StartViewController.swift in Sources */,
				95B783AB2567B31E00B8EE2B /* ResultType.swift in Sources */,
				1500363B2850D40D00ACCA1A /* SoundPlayer.swift in Sources */,
				95216EC125635AE100990CD1 /* QuizBrain.swift in Sources */,
				952A0D71255E896400AE432A /* ViewExtensions.swift in Sources */,
				95294B31255D59C90007F007 /* AppDelegate.swift in Sources */,
				95CB553C25649A0A00A2664B /* Quote.swift in Sources */,
				95CB55392564966800A2664B /* Enums.swift in Sources */,
				1500363D2850D63200ACCA1A /* ResultViewModel.swift.swift in Sources */,
				95294B33255D59C90007F007 /* SceneDelegate.swift in Sources */,
				95E7524C255E50C10081C23C /* QuizViewController.swift in Sources */,
				95B783A625679F5600B8EE2B /* ResultViewController.swift in Sources */,
				1500363F2850E1D600ACCA1A /* QuizViewModel.swift in Sources */,
			);
			runOnlyForDeploymentPostprocessing = 0;
		};
/* End PBXSourcesBuildPhase section */

/* Begin PBXVariantGroup section */
		95294B36255D59C90007F007 /* Main.storyboard */ = {
			isa = PBXVariantGroup;
			children = (
				95294B37255D59C90007F007 /* Base */,
			);
			name = Main.storyboard;
			sourceTree = "<group>";
		};
		95294B3B255D59C90007F007 /* LaunchScreen.storyboard */ = {
			isa = PBXVariantGroup;
			children = (
				95294B3C255D59C90007F007 /* Base */,
			);
			name = LaunchScreen.storyboard;
			sourceTree = "<group>";
		};
/* End PBXVariantGroup section */

/* Begin XCBuildConfiguration section */
		95294B3F255D59C90007F007 /* Debug */ = {
			isa = XCBuildConfiguration;
			buildSettings = {
				ALWAYS_SEARCH_USER_PATHS = NO;
				CLANG_ANALYZER_NONNULL = YES;
				CLANG_ANALYZER_NUMBER_OBJECT_CONVERSION = YES_AGGRESSIVE;
				CLANG_CXX_LANGUAGE_STANDARD = "gnu++14";
				CLANG_CXX_LIBRARY = "libc++";
				CLANG_ENABLE_MODULES = YES;
				CLANG_ENABLE_OBJC_ARC = YES;
				CLANG_ENABLE_OBJC_WEAK = YES;
				CLANG_WARN_BLOCK_CAPTURE_AUTORELEASING = YES;
				CLANG_WARN_BOOL_CONVERSION = YES;
				CLANG_WARN_COMMA = YES;
				CLANG_WARN_CONSTANT_CONVERSION = YES;
				CLANG_WARN_DEPRECATED_OBJC_IMPLEMENTATIONS = YES;
				CLANG_WARN_DIRECT_OBJC_ISA_USAGE = YES_ERROR;
				CLANG_WARN_DOCUMENTATION_COMMENTS = YES;
				CLANG_WARN_EMPTY_BODY = YES;
				CLANG_WARN_ENUM_CONVERSION = YES;
				CLANG_WARN_INFINITE_RECURSION = YES;
				CLANG_WARN_INT_CONVERSION = YES;
				CLANG_WARN_NON_LITERAL_NULL_CONVERSION = YES;
				CLANG_WARN_OBJC_IMPLICIT_RETAIN_SELF = YES;
				CLANG_WARN_OBJC_LITERAL_CONVERSION = YES;
				CLANG_WARN_OBJC_ROOT_CLASS = YES_ERROR;
				CLANG_WARN_QUOTED_INCLUDE_IN_FRAMEWORK_HEADER = YES;
				CLANG_WARN_RANGE_LOOP_ANALYSIS = YES;
				CLANG_WARN_STRICT_PROTOTYPES = YES;
				CLANG_WARN_SUSPICIOUS_MOVE = YES;
				CLANG_WARN_UNGUARDED_AVAILABILITY = YES_AGGRESSIVE;
				CLANG_WARN_UNREACHABLE_CODE = YES;
				CLANG_WARN__DUPLICATE_METHOD_MATCH = YES;
				COPY_PHASE_STRIP = NO;
				DEBUG_INFORMATION_FORMAT = dwarf;
				ENABLE_STRICT_OBJC_MSGSEND = YES;
				ENABLE_TESTABILITY = YES;
				GCC_C_LANGUAGE_STANDARD = gnu11;
				GCC_DYNAMIC_NO_PIC = NO;
				GCC_NO_COMMON_BLOCKS = YES;
				GCC_OPTIMIZATION_LEVEL = 0;
				GCC_PREPROCESSOR_DEFINITIONS = (
					"DEBUG=1",
					"$(inherited)",
				);
				GCC_WARN_64_TO_32_BIT_CONVERSION = YES;
				GCC_WARN_ABOUT_RETURN_TYPE = YES_ERROR;
				GCC_WARN_UNDECLARED_SELECTOR = YES;
				GCC_WARN_UNINITIALIZED_AUTOS = YES_AGGRESSIVE;
				GCC_WARN_UNUSED_FUNCTION = YES;
				GCC_WARN_UNUSED_VARIABLE = YES;
				IPHONEOS_DEPLOYMENT_TARGET = 14.1;
				MTL_ENABLE_DEBUG_INFO = INCLUDE_SOURCE;
				MTL_FAST_MATH = YES;
				ONLY_ACTIVE_ARCH = YES;
				SDKROOT = iphoneos;
				SWIFT_ACTIVE_COMPILATION_CONDITIONS = DEBUG;
				SWIFT_OPTIMIZATION_LEVEL = "-Onone";
			};
			name = Debug;
		};
		95294B40255D59C90007F007 /* Release */ = {
			isa = XCBuildConfiguration;
			buildSettings = {
				ALWAYS_SEARCH_USER_PATHS = NO;
				CLANG_ANALYZER_NONNULL = YES;
				CLANG_ANALYZER_NUMBER_OBJECT_CONVERSION = YES_AGGRESSIVE;
				CLANG_CXX_LANGUAGE_STANDARD = "gnu++14";
				CLANG_CXX_LIBRARY = "libc++";
				CLANG_ENABLE_MODULES = YES;
				CLANG_ENABLE_OBJC_ARC = YES;
				CLANG_ENABLE_OBJC_WEAK = YES;
				CLANG_WARN_BLOCK_CAPTURE_AUTORELEASING = YES;
				CLANG_WARN_BOOL_CONVERSION = YES;
				CLANG_WARN_COMMA = YES;
				CLANG_WARN_CONSTANT_CONVERSION = YES;
				CLANG_WARN_DEPRECATED_OBJC_IMPLEMENTATIONS = YES;
				CLANG_WARN_DIRECT_OBJC_ISA_USAGE = YES_ERROR;
				CLANG_WARN_DOCUMENTATION_COMMENTS = YES;
				CLANG_WARN_EMPTY_BODY = YES;
				CLANG_WARN_ENUM_CONVERSION = YES;
				CLANG_WARN_INFINITE_RECURSION = YES;
				CLANG_WARN_INT_CONVERSION = YES;
				CLANG_WARN_NON_LITERAL_NULL_CONVERSION = YES;
				CLANG_WARN_OBJC_IMPLICIT_RETAIN_SELF = YES;
				CLANG_WARN_OBJC_LITERAL_CONVERSION = YES;
				CLANG_WARN_OBJC_ROOT_CLASS = YES_ERROR;
				CLANG_WARN_QUOTED_INCLUDE_IN_FRAMEWORK_HEADER = YES;
				CLANG_WARN_RANGE_LOOP_ANALYSIS = YES;
				CLANG_WARN_STRICT_PROTOTYPES = YES;
				CLANG_WARN_SUSPICIOUS_MOVE = YES;
				CLANG_WARN_UNGUARDED_AVAILABILITY = YES_AGGRESSIVE;
				CLANG_WARN_UNREACHABLE_CODE = YES;
				CLANG_WARN__DUPLICATE_METHOD_MATCH = YES;
				COPY_PHASE_STRIP = NO;
				DEBUG_INFORMATION_FORMAT = "dwarf-with-dsym";
				ENABLE_NS_ASSERTIONS = NO;
				ENABLE_STRICT_OBJC_MSGSEND = YES;
				GCC_C_LANGUAGE_STANDARD = gnu11;
				GCC_NO_COMMON_BLOCKS = YES;
				GCC_WARN_64_TO_32_BIT_CONVERSION = YES;
				GCC_WARN_ABOUT_RETURN_TYPE = YES_ERROR;
				GCC_WARN_UNDECLARED_SELECTOR = YES;
				GCC_WARN_UNINITIALIZED_AUTOS = YES_AGGRESSIVE;
				GCC_WARN_UNUSED_FUNCTION = YES;
				GCC_WARN_UNUSED_VARIABLE = YES;
				IPHONEOS_DEPLOYMENT_TARGET = 14.1;
				MTL_ENABLE_DEBUG_INFO = NO;
				MTL_FAST_MATH = YES;
				SDKROOT = iphoneos;
				SWIFT_COMPILATION_MODE = wholemodule;
				SWIFT_OPTIMIZATION_LEVEL = "-O";
				VALIDATE_PRODUCT = YES;
			};
			name = Release;
		};
		95294B42255D59C90007F007 /* Debug */ = {
			isa = XCBuildConfiguration;
			buildSettings = {
				ASSETCATALOG_COMPILER_APPICON_NAME = AppIcon;
				ASSETCATALOG_COMPILER_GLOBAL_ACCENT_COLOR_NAME = AccentColor;
				CODE_SIGN_STYLE = Automatic;
				CURRENT_PROJECT_VERSION = 6;
				DEVELOPMENT_TEAM = T4CL79J5Y8;
				INFOPLIST_FILE = GuessThePhilosopher/Info.plist;
				IPHONEOS_DEPLOYMENT_TARGET = 13.0;
				LD_RUNPATH_SEARCH_PATHS = (
					"$(inherited)",
					"@executable_path/Frameworks",
				);
				MARKETING_VERSION = 1.06;
				PRODUCT_BUNDLE_IDENTIFIER = com.xavierchia.GuessThePhilosopher;
				PRODUCT_NAME = "$(TARGET_NAME)";
				SWIFT_VERSION = 5.0;
				TARGETED_DEVICE_FAMILY = "1,2";
			};
			name = Debug;
		};
		95294B43255D59C90007F007 /* Release */ = {
			isa = XCBuildConfiguration;
			buildSettings = {
				ASSETCATALOG_COMPILER_APPICON_NAME = AppIcon;
				ASSETCATALOG_COMPILER_GLOBAL_ACCENT_COLOR_NAME = AccentColor;
				CODE_SIGN_STYLE = Automatic;
				CURRENT_PROJECT_VERSION = 6;
				DEVELOPMENT_TEAM = T4CL79J5Y8;
				INFOPLIST_FILE = GuessThePhilosopher/Info.plist;
				IPHONEOS_DEPLOYMENT_TARGET = 13.0;
				LD_RUNPATH_SEARCH_PATHS = (
					"$(inherited)",
					"@executable_path/Frameworks",
				);
				MARKETING_VERSION = 1.06;
				PRODUCT_BUNDLE_IDENTIFIER = com.xavierchia.GuessThePhilosopher;
				PRODUCT_NAME = "$(TARGET_NAME)";
				SWIFT_VERSION = 5.0;
				TARGETED_DEVICE_FAMILY = "1,2";
			};
			name = Release;
		};
/* End XCBuildConfiguration section */

/* Begin XCConfigurationList section */
		95294B28255D59C90007F007 /* Build configuration list for PBXProject "GuessThePhilosopher" */ = {
			isa = XCConfigurationList;
			buildConfigurations = (
				95294B3F255D59C90007F007 /* Debug */,
				95294B40255D59C90007F007 /* Release */,
			);
			defaultConfigurationIsVisible = 0;
			defaultConfigurationName = Release;
		};
		95294B41255D59C90007F007 /* Build configuration list for PBXNativeTarget "GuessThePhilosopher" */ = {
			isa = XCConfigurationList;
			buildConfigurations = (
				95294B42255D59C90007F007 /* Debug */,
				95294B43255D59C90007F007 /* Release */,
			);
			defaultConfigurationIsVisible = 0;
			defaultConfigurationName = Release;
		};
/* End XCConfigurationList section */
	};
	rootObject = 95294B25255D59C90007F007 /* Project object */;
}
